
Microsoft Visual Studio Solution File, Format Version 12.00
# Visual Studio Version 16
VisualStudioVersion = 16.0.31624.102
MinimumVisualStudioVersion = 10.0.40219.1
Project("{9A19103F-16F7-4668-BE54-9A1E7A4F7556}") = "GamingSiteProject", "GamingSiteProject.csproj", "{51825398-CF2D-4C55-94E5-74A2C698746E}"
EndProject
Global
	GlobalSection(SolutionConfigurationPlatforms) = preSolution
		Debug|Any CPU = Debug|Any CPU
		Release|Any CPU = Release|Any CPU
	EndGlobalSection
	GlobalSection(ProjectConfigurationPlatforms) = postSolution
		{51825398-CF2D-4C55-94E5-74A2C698746E}.Debug|Any CPU.ActiveCfg = Debug|Any CPU
		{51825398-CF2D-4C55-94E5-74A2C698746E}.Debug|Any CPU.Build.0 = Debug|Any CPU
		{51825398-CF2D-4C55-94E5-74A2C698746E}.Release|Any CPU.ActiveCfg = Release|Any CPU
		{51825398-CF2D-4C55-94E5-74A2C698746E}.Release|Any CPU.Build.0 = Release|Any CPU
	EndGlobalSection
	GlobalSection(SolutionProperties) = preSolution
		HideSolutionNode = FALSE
	EndGlobalSection
	GlobalSection(ExtensibilityGlobals) = postSolution
		SolutionGuid = {9CC39654-2E73-4998-A072-03A533F32B1E}
	EndGlobalSection
EndGlobal
